// !$*UTF8*$!
{
	archiveVersion = 1;
	classes = {
	};
	objectVersion = 50;
	objects = {

/* Begin PBXBuildFile section */
		C568F799271603F900E3B499 /* AppDelegate.swift in Sources */ = {isa = PBXBuildFile; fileRef = C568F798271603F900E3B499 /* AppDelegate.swift */; };
		C568F79B271603F900E3B499 /* SceneDelegate.swift in Sources */ = {isa = PBXBuildFile; fileRef = C568F79A271603F900E3B499 /* SceneDelegate.swift */; };
		C568F7A0271603F900E3B499 /* Main.storyboard in Resources */ = {isa = PBXBuildFile; fileRef = C568F79E271603F900E3B499 /* Main.storyboard */; };
		C568F7A22716040200E3B499 /* Assets.xcassets in Resources */ = {isa = PBXBuildFile; fileRef = C568F7A12716040200E3B499 /* Assets.xcassets */; };
		C568F7A52716040200E3B499 /* LaunchScreen.storyboard in Resources */ = {isa = PBXBuildFile; fileRef = C568F7A32716040200E3B499 /* LaunchScreen.storyboard */; };
		C568F7B02716040300E3B499 /* PreworkTests.swift in Sources */ = {isa = PBXBuildFile; fileRef = C568F7AF2716040300E3B499 /* PreworkTests.swift */; };
		C568F7BB2716040300E3B499 /* PreworkUITests.swift in Sources */ = {isa = PBXBuildFile; fileRef = C568F7BA2716040300E3B499 /* PreworkUITests.swift */; };
		C5FC19CF271D1A5200FD8192 /* ViewController.swift in Sources */ = {isa = PBXBuildFile; fileRef = C568F79C271603F900E3B499 /* ViewController.swift */; };
/* End PBXBuildFile section */

/* Begin PBXContainerItemProxy section */
		C568F7AC2716040200E3B499 /* PBXContainerItemProxy */ = {
			isa = PBXContainerItemProxy;
			containerPortal = C568F78D271603F900E3B499 /* Project object */;
			proxyType = 1;
			remoteGlobalIDString = C568F794271603F900E3B499;
			remoteInfo = Prework;
		};
		C568F7B72716040300E3B499 /* PBXContainerItemProxy */ = {
			isa = PBXContainerItemProxy;
			containerPortal = C568F78D271603F900E3B499 /* Project object */;
			proxyType = 1;
			remoteGlobalIDString = C568F794271603F900E3B499;
			remoteInfo = Prework;
		};
/* End PBXContainerItemProxy section */

/* Begin PBXFileReference section */
		C568F795271603F900E3B499 /* Prework.app */ = {isa = PBXFileReference; explicitFileType = wrapper.application; includeInIndex = 0; path = Prework.app; sourceTree = BUILT_PRODUCTS_DIR; };
		C568F798271603F900E3B499 /* AppDelegate.swift */ = {isa = PBXFileReference; lastKnownFileType = sourcecode.swift; path = AppDelegate.swift; sourceTree = "<group>"; };
		C568F79A271603F900E3B499 /* SceneDelegate.swift */ = {isa = PBXFileReference; lastKnownFileType = sourcecode.swift; path = SceneDelegate.swift; sourceTree = "<group>"; };
		C568F79C271603F900E3B499 /* ViewController.swift */ = {isa = PBXFileReference; lastKnownFileType = sourcecode.swift; path = ViewController.swift; sourceTree = "<group>"; };
		C568F79F271603F900E3B499 /* Base */ = {isa = PBXFileReference; lastKnownFileType = file.storyboard; name = Base; path = Base.lproj/Main.storyboard; sourceTree = "<group>"; };
		C568F7A12716040200E3B499 /* Assets.xcassets */ = {isa = PBXFileReference; lastKnownFileType = folder.assetcatalog; path = Assets.xcassets; sourceTree = "<group>"; };
		C568F7A42716040200E3B499 /* Base */ = {isa = PBXFileReference; lastKnownFileType = file.storyboard; name = Base; path = Base.lproj/LaunchScreen.storyboard; sourceTree = "<group>"; };
		C568F7A62716040200E3B499 /* Info.plist */ = {isa = PBXFileReference; lastKnownFileType = text.plist.xml; path = Info.plist; sourceTree = "<group>"; };
		C568F7AB2716040200E3B499 /* PreworkTests.xctest */ = {isa = PBXFileReference; explicitFileType = wrapper.cfbundle; includeInIndex = 0; path = PreworkTests.xctest; sourceTree = BUILT_PRODUCTS_DIR; };
		C568F7AF2716040300E3B499 /* PreworkTests.swift */ = {isa = PBXFileReference; lastKnownFileType = sourcecode.swift; path = PreworkTests.swift; sourceTree = "<group>"; };
		C568F7B12716040300E3B499 /* Info.plist */ = {isa = PBXFileReference; lastKnownFileType = text.plist.xml; path = Info.plist; sourceTree = "<group>"; };
		C568F7B62716040300E3B499 /* PreworkUITests.xctest */ = {isa = PBXFileReference; explicitFileType = wrapper.cfbundle; includeInIndex = 0; path = PreworkUITests.xctest; sourceTree = BUILT_PRODUCTS_DIR; };
		C568F7BA2716040300E3B499 /* PreworkUITests.swift */ = {isa = PBXFileReference; lastKnownFileType = sourcecode.swift; path = PreworkUITests.swift; sourceTree = "<group>"; };
		C568F7BC2716040300E3B499 /* Info.plist */ = {isa = PBXFileReference; lastKnownFileType = text.plist.xml; path = Info.plist; sourceTree = "<group>"; };
/* End PBXFileReference section */

/* Begin PBXFrameworksBuildPhase section */
		C568F792271603F900E3B499 /* Frameworks */ = {
			isa = PBXFrameworksBuildPhase;
			buildActionMask = 2147483647;
			files = (
			);
			runOnlyForDeploymentPostprocessing = 0;
		};
		C568F7A82716040200E3B499 /* Frameworks */ = {
			isa = PBXFrameworksBuildPhase;
			buildActionMask = 2147483647;
			files = (
			);
			runOnlyForDeploymentPostprocessing = 0;
		};
		C568F7B32716040300E3B499 /* Frameworks */ = {
			isa = PBXFrameworksBuildPhase;
			buildActionMask = 2147483647;
			files = (
			);
			runOnlyForDeploymentPostprocessing = 0;
		};
/* End PBXFrameworksBuildPhase section */

/* Begin PBXGroup section */
		C568F78C271603F900E3B499 = {
			isa = PBXGroup;
			children = (
				C568F797271603F900E3B499 /* Prework */,
				C568F7AE2716040200E3B499 /* PreworkTests */,
				C568F7B92716040300E3B499 /* PreworkUITests */,
				C568F796271603F900E3B499 /* Products */,
			);
			sourceTree = "<group>";
		};
		C568F796271603F900E3B499 /* Products */ = {
			isa = PBXGroup;
			children = (
				C568F795271603F900E3B499 /* Prework.app */,
				C568F7AB2716040200E3B499 /* PreworkTests.xctest */,
				C568F7B62716040300E3B499 /* PreworkUITests.xctest */,
			);
			name = Products;
			sourceTree = "<group>";
		};
		C568F797271603F900E3B499 /* Prework */ = {
			isa = PBXGroup;
			children = (
				C568F798271603F900E3B499 /* AppDelegate.swift */,
				C568F79A271603F900E3B499 /* SceneDelegate.swift */,
				C568F79C271603F900E3B499 /* ViewController.swift */,
				C568F79E271603F900E3B499 /* Main.storyboard */,
				C568F7A12716040200E3B499 /* Assets.xcassets */,
				C568F7A32716040200E3B499 /* LaunchScreen.storyboard */,
				C568F7A62716040200E3B499 /* Info.plist */,
			);
			path = Prework;
			sourceTree = "<group>";
		};
		C568F7AE2716040200E3B499 /* PreworkTests */ = {
			isa = PBXGroup;
			children = (
				C568F7AF2716040300E3B499 /* PreworkTests.swift */,
				C568F7B12716040300E3B499 /* Info.plist */,
			);
			path = PreworkTests;
			sourceTree = "<group>";
		};
		C568F7B92716040300E3B499 /* PreworkUITests */ = {
			isa = PBXGroup;
			children = (
				C568F7BA2716040300E3B499 /* PreworkUITests.swift */,
				C568F7BC2716040300E3B499 /* Info.plist */,
			);
			path = PreworkUITests;
			sourceTree = "<group>";
		};
/* End PBXGroup section */

/* Begin PBXNativeTarget section */
		C568F794271603F900E3B499 /* Prework */ = {
			isa = PBXNativeTarget;
			buildConfigurationList = C568F7BF2716040300E3B499 /* Build configuration list for PBXNativeTarget "Prework" */;
			buildPhases = (
				C568F791271603F900E3B499 /* Sources */,
				C568F792271603F900E3B499 /* Frameworks */,
				C568F793271603F900E3B499 /* Resources */,
			);
			buildRules = (
			);
			dependencies = (
			);
			name = Prework;
			productName = Prework;
			productReference = C568F795271603F900E3B499 /* Prework.app */;
			productType = "com.apple.product-type.application";
		};
		C568F7AA2716040200E3B499 /* PreworkTests */ = {
			isa = PBXNativeTarget;
			buildConfigurationList = C568F7C22716040300E3B499 /* Build configuration list for PBXNativeTarget "PreworkTests" */;
			buildPhases = (
				C568F7A72716040200E3B499 /* Sources */,
				C568F7A82716040200E3B499 /* Frameworks */,
				C568F7A92716040200E3B499 /* Resources */,
			);
			buildRules = (
			);
			dependencies = (
				C568F7AD2716040200E3B499 /* PBXTargetDependency */,
			);
			name = PreworkTests;
			productName = PreworkTests;
			productReference = C568F7AB2716040200E3B499 /* PreworkTests.xctest */;
			productType = "com.apple.product-type.bundle.unit-test";
		};
		C568F7B52716040300E3B499 /* PreworkUITests */ = {
			isa = PBXNativeTarget;
			buildConfigurationList = C568F7C52716040300E3B499 /* Build configuration list for PBXNativeTarget "PreworkUITests" */;
			buildPhases = (
				C568F7B22716040300E3B499 /* Sources */,
				C568F7B32716040300E3B499 /* Frameworks */,
				C568F7B42716040300E3B499 /* Resources */,
			);
			buildRules = (
			);
			dependencies = (
				C568F7B82716040300E3B499 /* PBXTargetDependency */,
			);
			name = PreworkUITests;
			productName = PreworkUITests;
			productReference = C568F7B62716040300E3B499 /* PreworkUITests.xctest */;
			productType = "com.apple.product-type.bundle.ui-testing";
		};
/* End PBXNativeTarget section */

/* Begin PBXProject section */
		C568F78D271603F900E3B499 /* Project object */ = {
			isa = PBXProject;
			attributes = {
				LastSwiftUpdateCheck = 1230;
				LastUpgradeCheck = 1230;
				TargetAttributes = {
					C568F794271603F900E3B499 = {
						CreatedOnToolsVersion = 12.3;
					};
					C568F7AA2716040200E3B499 = {
						CreatedOnToolsVersion = 12.3;
						TestTargetID = C568F794271603F900E3B499;
					};
					C568F7B52716040300E3B499 = {
						CreatedOnToolsVersion = 12.3;
						TestTargetID = C568F794271603F900E3B499;
					};
				};
			};
			buildConfigurationList = C568F790271603F900E3B499 /* Build configuration list for PBXProject "Prework" */;
			compatibilityVersion = "Xcode 9.3";
			developmentRegion = en;
			hasScannedForEncodings = 0;
			knownRegions = (
				en,
				Base,
			);
			mainGroup = C568F78C271603F900E3B499;
			productRefGroup = C568F796271603F900E3B499 /* Products */;
			projectDirPath = "";
			projectRoot = "";
			targets = (
				C568F794271603F900E3B499 /* Prework */,
				C568F7AA2716040200E3B499 /* PreworkTests */,
				C568F7B52716040300E3B499 /* PreworkUITests */,
			);
		};
/* End PBXProject section */

/* Begin PBXResourcesBuildPhase section */
		C568F793271603F900E3B499 /* Resources */ = {
			isa = PBXResourcesBuildPhase;
			buildActionMask = 2147483647;
			files = (
				C568F7A52716040200E3B499 /* LaunchScreen.storyboard in Resources */,
				C568F7A22716040200E3B499 /* Assets.xcassets in Resources */,
				C568F7A0271603F900E3B499 /* Main.storyboard in Resources */,
			);
			runOnlyForDeploymentPostprocessing = 0;
		};
		C568F7A92716040200E3B499 /* Resources */ = {
			isa = PBXResourcesBuildPhase;
			buildActionMask = 2147483647;
			files = (
			);
			runOnlyForDeploymentPostprocessing = 0;
		};
		C568F7B42716040300E3B499 /* Resources */ = {
			isa = PBXResourcesBuildPhase;
			buildActionMask = 2147483647;
			files = (
			);
			runOnlyForDeploymentPostprocessing = 0;
		};
/* End PBXResourcesBuildPhase section */

/* Begin PBXSourcesBuildPhase section */
		C568F791271603F900E3B499 /* Sources */ = {
			isa = PBXSourcesBuildPhase;
			buildActionMask = 2147483647;
			files = (
				C5FC19CF271D1A5200FD8192 /* ViewController.swift in Sources */,
				C568F799271603F900E3B499 /* AppDelegate.swift in Sources */,
				C568F79B271603F900E3B499 /* SceneDelegate.swift in Sources */,
			);
			runOnlyForDeploymentPostprocessing = 0;
		};
		C568F7A72716040200E3B499 /* Sources */ = {
			isa = PBXSourcesBuildPhase;
			buildActionMask = 2147483647;
			files = (
				C568F7B02716040300E3B499 /* PreworkTests.swift in Sources */,
			);
			runOnlyForDeploymentPostprocessing = 0;
		};
		C568F7B22716040300E3B499 /* Sources */ = {
			isa = PBXSourcesBuildPhase;
			buildActionMask = 2147483647;
			files = (
				C568F7BB2716040300E3B499 /* PreworkUITests.swift in Sources */,
			);
			runOnlyForDeploymentPostprocessing = 0;
		};
/* End PBXSourcesBuildPhase section */

/* Begin PBXTargetDependency section */
		C568F7AD2716040200E3B499 /* PBXTargetDependency */ = {
			isa = PBXTargetDependency;
			target = C568F794271603F900E3B499 /* Prework */;
			targetProxy = C568F7AC2716040200E3B499 /* PBXContainerItemProxy */;
		};
		C568F7B82716040300E3B499 /* PBXTargetDependency */ = {
			isa = PBXTargetDependency;
			target = C568F794271603F900E3B499 /* Prework */;
			targetProxy = C568F7B72716040300E3B499 /* PBXContainerItemProxy */;
		};
/* End PBXTargetDependency section */

/* Begin PBXVariantGroup section */
		C568F79E271603F900E3B499 /* Main.storyboard */ = {
			isa = PBXVariantGroup;
			children = (
				C568F79F271603F900E3B499 /* Base */,
			);
			name = Main.storyboard;
			sourceTree = "<group>";
		};
		C568F7A32716040200E3B499 /* LaunchScreen.storyboard */ = {
			isa = PBXVariantGroup;
			children = (
				C568F7A42716040200E3B499 /* Base */,
			);
			name = LaunchScreen.storyboard;
			sourceTree = "<group>";
		};
/* End PBXVariantGroup section */

/* Begin XCBuildConfiguration section */
		C568F7BD2716040300E3B499 /* Debug */ = {
			isa = XCBuildConfiguration;
			buildSettings = {
				ALWAYS_SEARCH_USER_PATHS = NO;
				CLANG_ANALYZER_NONNULL = YES;
				CLANG_ANALYZER_NUMBER_OBJECT_CONVERSION = YES_AGGRESSIVE;
				CLANG_CXX_LANGUAGE_STANDARD = "gnu++14";
				CLANG_CXX_LIBRARY = "libc++";
				CLANG_ENABLE_MODULES = YES;
				CLANG_ENABLE_OBJC_ARC = YES;
				CLANG_ENABLE_OBJC_WEAK = YES;
				CLANG_WARN_BLOCK_CAPTURE_AUTORELEASING = YES;
				CLANG_WARN_BOOL_CONVERSION = YES;
				CLANG_WARN_COMMA = YES;
				CLANG_WARN_CONSTANT_CONVERSION = YES;
				CLANG_WARN_DEPRECATED_OBJC_IMPLEMENTATIONS = YES;
				CLANG_WARN_DIRECT_OBJC_ISA_USAGE = YES_ERROR;
				CLANG_WARN_DOCUMENTATION_COMMENTS = YES;
				CLANG_WARN_EMPTY_BODY = YES;
				CLANG_WARN_ENUM_CONVERSION = YES;
				CLANG_WARN_INFINITE_RECURSION = YES;
				CLANG_WARN_INT_CONVERSION = YES;
				CLANG_WARN_NON_LITERAL_NULL_CONVERSION = YES;
				CLANG_WARN_OBJC_IMPLICIT_RETAIN_SELF = YES;
				CLANG_WARN_OBJC_LITERAL_CONVERSION = YES;
				CLANG_WARN_OBJC_ROOT_CLASS = YES_ERROR;
				CLANG_WARN_QUOTED_INCLUDE_IN_FRAMEWORK_HEADER = YES;
				CLANG_WARN_RANGE_LOOP_ANALYSIS = YES;
				CLANG_WARN_STRICT_PROTOTYPES = YES;
				CLANG_WARN_SUSPICIOUS_MOVE = YES;
				CLANG_WARN_UNGUARDED_AVAILABILITY = YES_AGGRESSIVE;
				CLANG_WARN_UNREACHABLE_CODE = YES;
				CLANG_WARN__DUPLICATE_METHOD_MATCH = YES;
				COPY_PHASE_STRIP = NO;
				DEBUG_INFORMATION_FORMAT = dwarf;
				ENABLE_STRICT_OBJC_MSGSEND = YES;
				ENABLE_TESTABILITY = YES;
				GCC_C_LANGUAGE_STANDARD = gnu11;
				GCC_DYNAMIC_NO_PIC = NO;
				GCC_NO_COMMON_BLOCKS = YES;
				GCC_OPTIMIZATION_LEVEL = 0;
				GCC_PREPROCESSOR_DEFINITIONS = (
					"DEBUG=1",
					"$(inherited)",
				);
				GCC_WARN_64_TO_32_BIT_CONVERSION = YES;
				GCC_WARN_ABOUT_RETURN_TYPE = YES_ERROR;
				GCC_WARN_UNDECLARED_SELECTOR = YES;
				GCC_WARN_UNINITIALIZED_AUTOS = YES_AGGRESSIVE;
				GCC_WARN_UNUSED_FUNCTION = YES;
				GCC_WARN_UNUSED_VARIABLE = YES;
				IPHONEOS_DEPLOYMENT_TARGET = 14.3;
				MTL_ENABLE_DEBUG_INFO = INCLUDE_SOURCE;
				MTL_FAST_MATH = YES;
				ONLY_ACTIVE_ARCH = YES;
				SDKROOT = iphoneos;
				SWIFT_ACTIVE_COMPILATION_CONDITIONS = DEBUG;
				SWIFT_OPTIMIZATION_LEVEL = "-Onone";
			};
			name = Debug;
		};
		C568F7BE2716040300E3B499 /* Release */ = {
			isa = XCBuildConfiguration;
			buildSettings = {
				ALWAYS_SEARCH_USER_PATHS = NO;
				CLANG_ANALYZER_NONNULL = YES;
				CLANG_ANALYZER_NUMBER_OBJECT_CONVERSION = YES_AGGRESSIVE;
				CLANG_CXX_LANGUAGE_STANDARD = "gnu++14";
				CLANG_CXX_LIBRARY = "libc++";
				CLANG_ENABLE_MODULES = YES;
				CLANG_ENABLE_OBJC_ARC = YES;
				CLANG_ENABLE_OBJC_WEAK = YES;
				CLANG_WARN_BLOCK_CAPTURE_AUTORELEASING = YES;
				CLANG_WARN_BOOL_CONVERSION = YES;
				CLANG_WARN_COMMA = YES;
				CLANG_WARN_CONSTANT_CONVERSION = YES;
				CLANG_WARN_DEPRECATED_OBJC_IMPLEMENTATIONS = YES;
				CLANG_WARN_DIRECT_OBJC_ISA_USAGE = YES_ERROR;
				CLANG_WARN_DOCUMENTATION_COMMENTS = YES;
				CLANG_WARN_EMPTY_BODY = YES;
				CLANG_WARN_ENUM_CONVERSION = YES;
				CLANG_WARN_INFINITE_RECURSION = YES;
				CLANG_WARN_INT_CONVERSION = YES;
				CLANG_WARN_NON_LITERAL_NULL_CONVERSION = YES;
				CLANG_WARN_OBJC_IMPLICIT_RETAIN_SELF = YES;
				CLANG_WARN_OBJC_LITERAL_CONVERSION = YES;
				CLANG_WARN_OBJC_ROOT_CLASS = YES_ERROR;
				CLANG_WARN_QUOTED_INCLUDE_IN_FRAMEWORK_HEADER = YES;
				CLANG_WARN_RANGE_LOOP_ANALYSIS = YES;
				CLANG_WARN_STRICT_PROTOTYPES = YES;
				CLANG_WARN_SUSPICIOUS_MOVE = YES;
				CLANG_WARN_UNGUARDED_AVAILABILITY = YES_AGGRESSIVE;
				CLANG_WARN_UNREACHABLE_CODE = YES;
				CLANG_WARN__DUPLICATE_METHOD_MATCH = YES;
				COPY_PHASE_STRIP = NO;
				DEBUG_INFORMATION_FORMAT = "dwarf-with-dsym";
				ENABLE_NS_ASSERTIONS = NO;
				ENABLE_STRICT_OBJC_MSGSEND = YES;
				GCC_C_LANGUAGE_STANDARD = gnu11;
				GCC_NO_COMMON_BLOCKS = YES;
				GCC_WARN_64_TO_32_BIT_CONVERSION = YES;
				GCC_WARN_ABOUT_RETURN_TYPE = YES_ERROR;
				GCC_WARN_UNDECLARED_SELECTOR = YES;
				GCC_WARN_UNINITIALIZED_AUTOS = YES_AGGRESSIVE;
				GCC_WARN_UNUSED_FUNCTION = YES;
				GCC_WARN_UNUSED_VARIABLE = YES;
				IPHONEOS_DEPLOYMENT_TARGET = 14.3;
				MTL_ENABLE_DEBUG_INFO = NO;
				MTL_FAST_MATH = YES;
				SDKROOT = iphoneos;
				SWIFT_COMPILATION_MODE = wholemodule;
				SWIFT_OPTIMIZATION_LEVEL = "-O";
				VALIDATE_PRODUCT = YES;
			};
			name = Release;
		};
		C568F7C02716040300E3B499 /* Debug */ = {
			isa = XCBuildConfiguration;
			buildSettings = {
				ASSETCATALOG_COMPILER_APPICON_NAME = AppIcon;
				ASSETCATALOG_COMPILER_GLOBAL_ACCENT_COLOR_NAME = AccentColor;
				CODE_SIGN_STYLE = Automatic;
				DEVELOPMENT_TEAM = KRWUXJJ722;
				INFOPLIST_FILE = Prework/Info.plist;
				LD_RUNPATH_SEARCH_PATHS = (
					"$(inherited)",
					"@executable_path/Frameworks",
				);
				PRODUCT_BUNDLE_IDENTIFIER = com.getnet.Prework;
				PRODUCT_NAME = "$(TARGET_NAME)";
				SWIFT_VERSION = 5.0;
				TARGETED_DEVICE_FAMILY = "1,2";
			};
			name = Debug;
		};
		C568F7C12716040300E3B499 /* Release */ = {
			isa = XCBuildConfiguration;
			buildSettings = {
				ASSETCATALOG_COMPILER_APPICON_NAME = AppIcon;
				ASSETCATALOG_COMPILER_GLOBAL_ACCENT_COLOR_NAME = AccentColor;
				CODE_SIGN_STYLE = Automatic;
				DEVELOPMENT_TEAM = KRWUXJJ722;
				INFOPLIST_FILE = Prework/Info.plist;
				LD_RUNPATH_SEARCH_PATHS = (
					"$(inherited)",
					"@executable_path/Frameworks",
				);
				PRODUCT_BUNDLE_IDENTIFIER = com.getnet.Prework;
				PRODUCT_NAME = "$(TARGET_NAME)";
				SWIFT_VERSION = 5.0;
				TARGETED_DEVICE_FAMILY = "1,2";
			};
			name = Release;
		};
		C568F7C32716040300E3B499 /* Debug */ = {
			isa = XCBuildConfiguration;
			buildSettings = {
				ALWAYS_EMBED_SWIFT_STANDARD_LIBRARIES = YES;
				BUNDLE_LOADER = "$(TEST_HOST)";
				CODE_SIGN_STYLE = Automatic;
				DEVELOPMENT_TEAM = KRWUXJJ722;
				INFOPLIST_FILE = PreworkTests/Info.plist;
				IPHONEOS_DEPLOYMENT_TARGET = 14.3;
				LD_RUNPATH_SEARCH_PATHS = (
					"$(inherited)",
					"@executable_path/Frameworks",
					"@loader_path/Frameworks",
				);
				PRODUCT_BUNDLE_IDENTIFIER = com.getnet.PreworkTests;
				PRODUCT_NAME = "$(TARGET_NAME)";
				SWIFT_VERSION = 5.0;
				TARGETED_DEVICE_FAMILY = "1,2";
				TEST_HOST = "$(BUILT_PRODUCTS_DIR)/Prework.app/Prework";
			};
			name = Debug;
		};
		C568F7C42716040300E3B499 /* Release */ = {
			isa = XCBuildConfiguration;
			buildSettings = {
				ALWAYS_EMBED_SWIFT_STANDARD_LIBRARIES = YES;
				BUNDLE_LOADER = "$(TEST_HOST)";
				CODE_SIGN_STYLE = Automatic;
				DEVELOPMENT_TEAM = KRWUXJJ722;
				INFOPLIST_FILE = PreworkTests/Info.plist;
				IPHONEOS_DEPLOYMENT_TARGET = 14.3;
				LD_RUNPATH_SEARCH_PATHS = (
					"$(inherited)",
					"@executable_path/Frameworks",
					"@loader_path/Frameworks",
				);
				PRODUCT_BUNDLE_IDENTIFIER = com.getnet.PreworkTests;
				PRODUCT_NAME = "$(TARGET_NAME)";
				SWIFT_VERSION = 5.0;
				TARGETED_DEVICE_FAMILY = "1,2";
				TEST_HOST = "$(BUILT_PRODUCTS_DIR)/Prework.app/Prework";
			};
			name = Release;
		};
		C568F7C62716040300E3B499 /* Debug */ = {
			isa = XCBuildConfiguration;
			buildSettings = {
				ALWAYS_EMBED_SWIFT_STANDARD_LIBRARIES = YES;
				CODE_SIGN_STYLE = Automatic;
				DEVELOPMENT_TEAM = KRWUXJJ722;
				INFOPLIST_FILE = PreworkUITests/Info.plist;
				LD_RUNPATH_SEARCH_PATHS = (
					"$(inherited)",
					"@executable_path/Frameworks",
					"@loader_path/Frameworks",
				);
				PRODUCT_BUNDLE_IDENTIFIER = com.getnet.PreworkUITests;
				PRODUCT_NAME = "$(TARGET_NAME)";
				SWIFT_VERSION = 5.0;
				TARGETED_DEVICE_FAMILY = "1,2";
				TEST_TARGET_NAME = Prework;
			};
			name = Debug;
		};
		C568F7C72716040300E3B499 /* Release */ = {
			isa = XCBuildConfiguration;
			buildSettings = {
				ALWAYS_EMBED_SWIFT_STANDARD_LIBRARIES = YES;
				CODE_SIGN_STYLE = Automatic;
				DEVELOPMENT_TEAM = KRWUXJJ722;
				INFOPLIST_FILE = PreworkUITests/Info.plist;
				LD_RUNPATH_SEARCH_PATHS = (
					"$(inherited)",
					"@executable_path/Frameworks",
					"@loader_path/Frameworks",
				);
				PRODUCT_BUNDLE_IDENTIFIER = com.getnet.PreworkUITests;
				PRODUCT_NAME = "$(TARGET_NAME)";
				SWIFT_VERSION = 5.0;
				TARGETED_DEVICE_FAMILY = "1,2";
				TEST_TARGET_NAME = Prework;
			};
			name = Release;
		};
/* End XCBuildConfiguration section */

/* Begin XCConfigurationList section */
		C568F790271603F900E3B499 /* Build configuration list for PBXProject "Prework" */ = {
			isa = XCConfigurationList;
			buildConfigurations = (
				C568F7BD2716040300E3B499 /* Debug */,
				C568F7BE2716040300E3B499 /* Release */,
			);
			defaultConfigurationIsVisible = 0;
			defaultConfigurationName = Release;
		};
		C568F7BF2716040300E3B499 /* Build configuration list for PBXNativeTarget "Prework" */ = {
			isa = XCConfigurationList;
			buildConfigurations = (
				C568F7C02716040300E3B499 /* Debug */,
				C568F7C12716040300E3B499 /* Release */,
			);
			defaultConfigurationIsVisible = 0;
			defaultConfigurationName = Release;
		};
		C568F7C22716040300E3B499 /* Build configuration list for PBXNativeTarget "PreworkTests" */ = {
			isa = XCConfigurationList;
			buildConfigurations = (
				C568F7C32716040300E3B499 /* Debug */,
				C568F7C42716040300E3B499 /* Release */,
			);
			defaultConfigurationIsVisible = 0;
			defaultConfigurationName = Release;
		};
		C568F7C52716040300E3B499 /* Build configuration list for PBXNativeTarget "PreworkUITests" */ = {
			isa = XCConfigurationList;
			buildConfigurations = (
				C568F7C62716040300E3B499 /* Debug */,
				C568F7C72716040300E3B499 /* Release */,
			);
			defaultConfigurationIsVisible = 0;
			defaultConfigurationName = Release;
		};
/* End XCConfigurationList section */
	};
	rootObject = C568F78D271603F900E3B499 /* Project object */;
}
